
Microsoft Visual Studio Solution File, Format Version 12.00
# Visual Studio Version 17
VisualStudioVersion = 17.5.33516.290
MinimumVisualStudioVersion = 10.0.40219.1
Project("{9A19103F-16F7-4668-BE54-9A1E7A4F7556}") = "chernovik", "chernovik.csproj", "{580C0B59-82B6-431E-ADB4-E3FFBCC5A32A}"
EndProject
Project("{9A19103F-16F7-4668-BE54-9A1E7A4F7556}") = "Chernovik2", "..\..\Chernovik2\Chernovik2.csproj", "{4DB7EDBC-EDD3-48E8-B82E-79763C88DF74}"
EndProject
Project("{FAE04EC0-301F-11D3-BF4B-00C04F79EFBC}") = "09.HeartDelivery", "..\..\PosibleProblems.RegularMidExam\09.HeartDelivery\09.HeartDelivery.csproj", "{200C4918-6608-44F6-8F09-4C3D4799F6CD}"
EndProject
Global
	GlobalSection(SolutionConfigurationPlatforms) = preSolution
		Debug|Any CPU = Debug|Any CPU
		Release|Any CPU = Release|Any CPU
	EndGlobalSection
	GlobalSection(ProjectConfigurationPlatforms) = postSolution
		{580C0B59-82B6-431E-ADB4-E3FFBCC5A32A}.Debug|Any CPU.ActiveCfg = Debug|Any CPU
		{580C0B59-82B6-431E-ADB4-E3FFBCC5A32A}.Debug|Any CPU.Build.0 = Debug|Any CPU
		{580C0B59-82B6-431E-ADB4-E3FFBCC5A32A}.Release|Any CPU.ActiveCfg = Release|Any CPU
		{580C0B59-82B6-431E-ADB4-E3FFBCC5A32A}.Release|Any CPU.Build.0 = Release|Any CPU
		{4DB7EDBC-EDD3-48E8-B82E-79763C88DF74}.Debug|Any CPU.ActiveCfg = Debug|Any CPU
		{4DB7EDBC-EDD3-48E8-B82E-79763C88DF74}.Debug|Any CPU.Build.0 = Debug|Any CPU
		{4DB7EDBC-EDD3-48E8-B82E-79763C88DF74}.Release|Any CPU.ActiveCfg = Release|Any CPU
		{4DB7EDBC-EDD3-48E8-B82E-79763C88DF74}.Release|Any CPU.Build.0 = Release|Any CPU
		{200C4918-6608-44F6-8F09-4C3D4799F6CD}.Debug|Any CPU.ActiveCfg = Debug|Any CPU
		{200C4918-6608-44F6-8F09-4C3D4799F6CD}.Debug|Any CPU.Build.0 = Debug|Any CPU
		{200C4918-6608-44F6-8F09-4C3D4799F6CD}.Release|Any CPU.ActiveCfg = Release|Any CPU
		{200C4918-6608-44F6-8F09-4C3D4799F6CD}.Release|Any CPU.Build.0 = Release|Any CPU
	EndGlobalSection
	GlobalSection(SolutionProperties) = preSolution
		HideSolutionNode = FALSE
	EndGlobalSection
	GlobalSection(ExtensibilityGlobals) = postSolution
		SolutionGuid = {8043C9B2-7CAB-4D37-BA6F-D81C1A5B9852}
	EndGlobalSection
EndGlobal
